Microsoft Visual Studio Solution File, Format Version 12.00
# Visual Studio Version 17
VisualStudioVersion = 17.5.2.0
MinimumVisualStudioVersion = 10.0.40219.1
Project("{FAE04EC0-301F-11D3-BF4B-00C04F79EFBC}") = "GraphLinker", "GraphLinker.csproj", "{12A33341-36AF-536D-F8FF-71E30AE13FAB}"
EndProject
Global
	GlobalSection(SolutionConfigurationPlatforms) = preSolution
		Debug|Any CPU = Debug|Any CPU
		Release|Any CPU = Release|Any CPU
	EndGlobalSection
	GlobalSection(ProjectConfigurationPlatforms) = postSolution
		{12A33341-36AF-536D-F8FF-71E30AE13FAB}.Debug|Any CPU.ActiveCfg = Debug|Any CPU
		{12A33341-36AF-536D-F8FF-71E30AE13FAB}.Debug|Any CPU.Build.0 = Debug|Any CPU
		{12A33341-36AF-536D-F8FF-71E30AE13FAB}.Release|Any CPU.ActiveCfg = Release|Any CPU
		{12A33341-36AF-536D-F8FF-71E30AE13FAB}.Release|Any CPU.Build.0 = Release|Any CPU
	EndGlobalSection
	GlobalSection(SolutionProperties) = preSolution
		HideSolutionNode = FALSE
	EndGlobalSection
	GlobalSection(ExtensibilityGlobals) = postSolution
		SolutionGuid = {BBA2BCD4-1ED8-480A-BE1A-6E595C91F000}
	EndGlobalSection
EndGlobal
